<?xml version="1.0" encoding="utf-8"?>
<Project ToolsVersion="4.0" xmlns="http://schemas.microsoft.com/developer/msbuild/2003">
  <ItemGroup>
    <Filter Include="Source Files">
      <UniqueIdentifier>{4FC737F1-C7A5-4376-A066-2A32D752A2FF}</UniqueIdentifier>
      <Extensions>cpp;c;cc;cxx;c++;def;odl;idl;hpj;bat;asm;asmx</Extensions>
    </Filter>
    <Filter Include="Header Files">
      <UniqueIdentifier>{93995380-89BD-4b04-88EB-625FBE52EBFB}</UniqueIdentifier>
      <Extensions>h;hh;hpp;hxx;h++;hm;inl;inc;ipp;xsd</Extensions>
    </Filter>
    <Filter Include="Resource Files">
      <UniqueIdentifier>{67DA6AB6-F800-4c08-8B7A-83BB121AAD01}</UniqueIdentifier>
      <Extensions>rc;ico;cur;bmp;dlg;rc2;rct;bin;rgs;gif;jpg;jpeg;jpe;resx;tiff;tif;png;wav;mfcribbon-ms</Extensions>
    </Filter>
    <Filter Include="Source Files\Entity">
      <UniqueIdentifier>{933db1bb-3848-4dfd-a5fa-852f087ed42a}</UniqueIdentifier>
    </Filter>
    <Filter Include="Source Files\Tile">
      <UniqueIdentifier>{023cfe04-eac3-4ef6-bbcd-60c6bc0019f2}</UniqueIdentifier>
    </Filter>
  </ItemGroup>
  <ItemGroup>
    <ClCompile Include="src\main.cpp">
      <Filter>Source Files</Filter>
    </ClCompile>
    <ClCompile Include="src\Program.cpp">
      <Filter>Source Files</Filter>
    </ClCompile>
    <ClCompile Include="src\World.cpp">
      <Filter>Source Files</Filter>
    </ClCompile>
    <ClCompile Include="src\Cursor.cpp">
      <Filter>Source Files</Filter>
    </ClCompile>
    <ClCompile Include="src\Animator.cpp">
      <Filter>Source Files</Filter>
    </ClCompile>
    <ClCompile Include="src\Timer.cpp">
      <Filter>Source Files</Filter>
    </ClCompile>
    <ClCompile Include="src\Entity\Player.cpp">
      <Filter>Source Files\Entity</Filter>
    </ClCompile>
    <ClCompile Include="src\Tile\AnimatedTile.cpp">
      <Filter>Source Files\Tile</Filter>
    </ClCompile>
    <ClCompile Include="src\Tile\StaticTile.cpp">
      <Filter>Source Files\Tile</Filter>
    </ClCompile>
    <ClCompile Include="src\Tile\Tile.cpp">
      <Filter>Source Files\Tile</Filter>
    </ClCompile>
    <ClCompile Include="src\Chunk.cpp">
      <Filter>Source Files</Filter>
    </ClCompile>
    <ClCompile Include="src\Tile\Stone.cpp">
      <Filter>Source Files\Tile</Filter>
    </ClCompile>
    <ClCompile Include="src\Tile\Floor.cpp">
      <Filter>Source Files\Tile</Filter>
    </ClCompile>
    <ClCompile Include="src\Entity\Entity.cpp">
      <Filter>Source Files\Entity</Filter>
    </ClCompile>
  </ItemGroup>
  <ItemGroup>
    <ClInclude Include="src\Program.hpp">
      <Filter>Source Files</Filter>
    </ClInclude>
    <ClInclude Include="src\World.hpp">
      <Filter>Source Files</Filter>
    </ClInclude>
    <ClInclude Include="src\Cursor.hpp">
      <Filter>Source Files</Filter>
    </ClInclude>
    <ClInclude Include="src\Animator.hpp">
      <Filter>Source Files</Filter>
    </ClInclude>
    <ClInclude Include="src\Timer.hpp">
      <Filter>Source Files</Filter>
    </ClInclude>
    <ClInclude Include="src\Entity\Player.hpp">
      <Filter>Source Files\Entity</Filter>
    </ClInclude>
    <ClInclude Include="src\Entity\Entity.hpp">
      <Filter>Source Files\Entity</Filter>
    </ClInclude>
    <ClInclude Include="src\Tile\AnimatedTile.hpp">
      <Filter>Source Files\Tile</Filter>
    </ClInclude>
    <ClInclude Include="src\Tile\StaticTile.hpp">
      <Filter>Source Files\Tile</Filter>
    </ClInclude>
    <ClInclude Include="src\Tile\Tile.hpp">
      <Filter>Source Files\Tile</Filter>
    </ClInclude>
    <ClInclude Include="src\Chunk.hpp">
      <Filter>Source Files</Filter>
    </ClInclude>
    <ClInclude Include="src\Tile\Stone.hpp">
      <Filter>Source Files\Tile</Filter>
    </ClInclude>
    <ClInclude Include="src\Tile\Floor.hpp">
      <Filter>Source Files\Tile</Filter>
    </ClInclude>
  </ItemGroup>
</Project>